
Microsoft Visual Studio Solution File, Format Version 12.00
# Visual Studio 15
VisualStudioVersion = 15.0.28307.852
MinimumVisualStudioVersion = 10.0.40219.1
Project("{2150E333-8FDC-42A3-9474-1A3956D46DE8}") = "1 - Src", "1 - Src", "{064D7FFE-BFD0-43DC-B181-40665AFEFA4E}"
EndProject
Project("{2150E333-8FDC-42A3-9474-1A3956D46DE8}") = "2 - Test", "2 - Test", "{72BC2584-1EE5-4B76-A240-72813BBEE83E}"
EndProject
Project("{2150E333-8FDC-42A3-9474-1A3956D46DE8}") = "1.1 - Presentation", "1.1 - Presentation", "{E7EB81D2-8564-4D97-95B6-D1927D414453}"
EndProject
Project("{2150E333-8FDC-42A3-9474-1A3956D46DE8}") = "1.2 - Service", "1.2 - Service", "{7E98EECE-DA1B-439C-80CA-9F042159F892}"
EndProject
Project("{2150E333-8FDC-42A3-9474-1A3956D46DE8}") = "1.3 - Domain", "1.3 - Domain", "{57401BE5-4739-4498-AE2B-E92CCED46A3B}"
EndProject
Project("{2150E333-8FDC-42A3-9474-1A3956D46DE8}") = "1.4 - Infra", "1.4 - Infra", "{EF36A4F5-B3FA-4977-86AA-8D1897C6C09E}"
EndProject
Project("{FAE04EC0-301F-11D3-BF4B-00C04F79EFBC}") = "TruckSystem.WebApi", "TruckSystem.WebApi\TruckSystem.WebApi.csproj", "{C8AA78F1-9146-4993-A5A8-664949543071}"
EndProject
Project("{FAE04EC0-301F-11D3-BF4B-00C04F79EFBC}") = "TruckSystem.CrossCutting", "TruckSystem.CrossCutting\TruckSystem.CrossCutting.csproj", "{9B538383-AD52-4819-995F-163B1DD021AB}"
EndProject
Project("{FAE04EC0-301F-11D3-BF4B-00C04F79EFBC}") = "TruckSystem.Domain", "TruckSystem.Domain\TruckSystem.Domain.csproj", "{6B83ADAD-6CDF-4DB2-8890-D88F65A5468D}"
EndProject
Project("{FAE04EC0-301F-11D3-BF4B-00C04F79EFBC}") = "TruckSystem.DAL", "TruckSystem.DAL\TruckSystem.DAL.csproj", "{6AA9A72D-D2BF-4A79-B436-07254B9D79B8}"
EndProject
Project("{FAE04EC0-301F-11D3-BF4B-00C04F79EFBC}") = "TruckSystem.Service", "TruckSystem.Service\TruckSystem.Service.csproj", "{458F3C58-8243-44CC-86C3-9E76CC266395}"
EndProject
Project("{FAE04EC0-301F-11D3-BF4B-00C04F79EFBC}") = "TruckSystem.Test", "TruckSystem.Test\TruckSystem.Test.csproj", "{748BAF60-1298-4FDD-A902-D17C3C33B302}"
EndProject
Global
	GlobalSection(SolutionConfigurationPlatforms) = preSolution
		Debug|Any CPU = Debug|Any CPU
		Release|Any CPU = Release|Any CPU
	EndGlobalSection
	GlobalSection(ProjectConfigurationPlatforms) = postSolution
		{C8AA78F1-9146-4993-A5A8-664949543071}.Debug|Any CPU.ActiveCfg = Debug|Any CPU
		{C8AA78F1-9146-4993-A5A8-664949543071}.Debug|Any CPU.Build.0 = Debug|Any CPU
		{C8AA78F1-9146-4993-A5A8-664949543071}.Release|Any CPU.ActiveCfg = Release|Any CPU
		{C8AA78F1-9146-4993-A5A8-664949543071}.Release|Any CPU.Build.0 = Release|Any CPU
		{9B538383-AD52-4819-995F-163B1DD021AB}.Debug|Any CPU.ActiveCfg = Debug|Any CPU
		{9B538383-AD52-4819-995F-163B1DD021AB}.Debug|Any CPU.Build.0 = Debug|Any CPU
		{9B538383-AD52-4819-995F-163B1DD021AB}.Release|Any CPU.ActiveCfg = Release|Any CPU
		{9B538383-AD52-4819-995F-163B1DD021AB}.Release|Any CPU.Build.0 = Release|Any CPU
		{6B83ADAD-6CDF-4DB2-8890-D88F65A5468D}.Debug|Any CPU.ActiveCfg = Debug|Any CPU
		{6B83ADAD-6CDF-4DB2-8890-D88F65A5468D}.Debug|Any CPU.Build.0 = Debug|Any CPU
		{6B83ADAD-6CDF-4DB2-8890-D88F65A5468D}.Release|Any CPU.ActiveCfg = Release|Any CPU
		{6B83ADAD-6CDF-4DB2-8890-D88F65A5468D}.Release|Any CPU.Build.0 = Release|Any CPU
		{6AA9A72D-D2BF-4A79-B436-07254B9D79B8}.Debug|Any CPU.ActiveCfg = Debug|Any CPU
		{6AA9A72D-D2BF-4A79-B436-07254B9D79B8}.Debug|Any CPU.Build.0 = Debug|Any CPU
		{6AA9A72D-D2BF-4A79-B436-07254B9D79B8}.Release|Any CPU.ActiveCfg = Release|Any CPU
		{6AA9A72D-D2BF-4A79-B436-07254B9D79B8}.Release|Any CPU.Build.0 = Release|Any CPU
		{458F3C58-8243-44CC-86C3-9E76CC266395}.Debug|Any CPU.ActiveCfg = Debug|Any CPU
		{458F3C58-8243-44CC-86C3-9E76CC266395}.Debug|Any CPU.Build.0 = Debug|Any CPU
		{458F3C58-8243-44CC-86C3-9E76CC266395}.Release|Any CPU.ActiveCfg = Release|Any CPU
		{458F3C58-8243-44CC-86C3-9E76CC266395}.Release|Any CPU.Build.0 = Release|Any CPU
		{748BAF60-1298-4FDD-A902-D17C3C33B302}.Debug|Any CPU.ActiveCfg = Debug|Any CPU
		{748BAF60-1298-4FDD-A902-D17C3C33B302}.Debug|Any CPU.Build.0 = Debug|Any CPU
		{748BAF60-1298-4FDD-A902-D17C3C33B302}.Release|Any CPU.ActiveCfg = Release|Any CPU
		{748BAF60-1298-4FDD-A902-D17C3C33B302}.Release|Any CPU.Build.0 = Release|Any CPU
	EndGlobalSection
	GlobalSection(SolutionProperties) = preSolution
		HideSolutionNode = FALSE
	EndGlobalSection
	GlobalSection(NestedProjects) = preSolution
		{E7EB81D2-8564-4D97-95B6-D1927D414453} = {064D7FFE-BFD0-43DC-B181-40665AFEFA4E}
		{7E98EECE-DA1B-439C-80CA-9F042159F892} = {064D7FFE-BFD0-43DC-B181-40665AFEFA4E}
		{57401BE5-4739-4498-AE2B-E92CCED46A3B} = {064D7FFE-BFD0-43DC-B181-40665AFEFA4E}
		{EF36A4F5-B3FA-4977-86AA-8D1897C6C09E} = {064D7FFE-BFD0-43DC-B181-40665AFEFA4E}
		{C8AA78F1-9146-4993-A5A8-664949543071} = {E7EB81D2-8564-4D97-95B6-D1927D414453}
		{9B538383-AD52-4819-995F-163B1DD021AB} = {EF36A4F5-B3FA-4977-86AA-8D1897C6C09E}
		{6B83ADAD-6CDF-4DB2-8890-D88F65A5468D} = {57401BE5-4739-4498-AE2B-E92CCED46A3B}
		{6AA9A72D-D2BF-4A79-B436-07254B9D79B8} = {EF36A4F5-B3FA-4977-86AA-8D1897C6C09E}
		{458F3C58-8243-44CC-86C3-9E76CC266395} = {7E98EECE-DA1B-439C-80CA-9F042159F892}
		{748BAF60-1298-4FDD-A902-D17C3C33B302} = {72BC2584-1EE5-4B76-A240-72813BBEE83E}
	EndGlobalSection
	GlobalSection(ExtensibilityGlobals) = postSolution
		SolutionGuid = {FE58B7B3-457E-4686-BD8E-415718B00BC1}
	EndGlobalSection
EndGlobal
